{
  "originHash" : "0dbc4146a940b4f7e12411f1195672d755df66b0e0abe07481f8a672ed66a53a",
  "pins" : [
    {
      "identity" : "apphudsdk",
      "kind" : "remoteSourceControl",
      "location" : "https://github.com/apphud/ApphudSDK",
      "state" : {
        "revision" : "4e030ce813184c85d0a252e43e1591ddc4a1f6e6",
        "version" : "4.0.4"
      }
    },
    {
      "identity" : "appsflyerframework",
      "kind" : "remoteSourceControl",
      "location" : "https://github.com/AppsFlyerSDK/AppsFlyerFramework",
      "state" : {
        "revision" : "edd3e30e4bafe527bc3df51250479302120510f3",
        "version" : "6.18.1"
      }
    }
  ],
  "version" : 3
}
